
Microsoft Visual Studio Solution File, Format Version 12.00
# Visual Studio 2012
Project("{FAE04EC0-301F-11D3-BF4B-00C04F79EFBC}") = "Telerik.Sitefinity.Samples.Ecommerce.Paymill", "Telerik.Sitefinity.Samples.Ecommerce.Paymill.csproj", "{CC2A6DF2-5224-4537-AAD5-A7B34F2BED8E}"
EndProject
Global
	GlobalSection(SolutionConfigurationPlatforms) = preSolution
		Debug|Any CPU = Debug|Any CPU
		Release|Any CPU = Release|Any CPU
	EndGlobalSection
	GlobalSection(ProjectConfigurationPlatforms) = postSolution
		{CC2A6DF2-5224-4537-AAD5-A7B34F2BED8E}.Debug|Any CPU.ActiveCfg = Debug|Any CPU
		{CC2A6DF2-5224-4537-AAD5-A7B34F2BED8E}.Debug|Any CPU.Build.0 = Debug|Any CPU
		{CC2A6DF2-5224-4537-AAD5-A7B34F2BED8E}.Release|Any CPU.ActiveCfg = Release|Any CPU
		{CC2A6DF2-5224-4537-AAD5-A7B34F2BED8E}.Release|Any CPU.Build.0 = Release|Any CPU
	EndGlobalSection
	GlobalSection(SolutionProperties) = preSolution
		HideSolutionNode = FALSE
	EndGlobalSection
EndGlobal
